
Microsoft Visual Studio Solution File, Format Version 12.00
# Visual Studio Version 16
VisualStudioVersion = 16.0.29920.165
MinimumVisualStudioVersion = 10.0.40219.1
Project("{9A19103F-16F7-4668-BE54-9A1E7A4F7556}") = "IG.Csharp.Api.Client", "IG.Csharp.Api.Client\IG.Csharp.Api.Client.csproj", "{80666F04-8EF7-4E04-B2B5-C67490DAE80A}"
EndProject
Project("{FAE04EC0-301F-11D3-BF4B-00C04F79EFBC}") = "Playground", "Playground\Playground.csproj", "{A64E7278-401B-4183-8E53-2F068D7D59B7}"
EndProject
Global
	GlobalSection(SolutionConfigurationPlatforms) = preSolution
		Debug|Any CPU = Debug|Any CPU
		Release|Any CPU = Release|Any CPU
	EndGlobalSection
	GlobalSection(ProjectConfigurationPlatforms) = postSolution
		{80666F04-8EF7-4E04-B2B5-C67490DAE80A}.Debug|Any CPU.ActiveCfg = Debug|Any CPU
		{80666F04-8EF7-4E04-B2B5-C67490DAE80A}.Debug|Any CPU.Build.0 = Debug|Any CPU
		{80666F04-8EF7-4E04-B2B5-C67490DAE80A}.Release|Any CPU.ActiveCfg = Release|Any CPU
		{80666F04-8EF7-4E04-B2B5-C67490DAE80A}.Release|Any CPU.Build.0 = Release|Any CPU
		{A64E7278-401B-4183-8E53-2F068D7D59B7}.Debug|Any CPU.ActiveCfg = Debug|Any CPU
		{A64E7278-401B-4183-8E53-2F068D7D59B7}.Debug|Any CPU.Build.0 = Debug|Any CPU
		{A64E7278-401B-4183-8E53-2F068D7D59B7}.Release|Any CPU.ActiveCfg = Release|Any CPU
		{A64E7278-401B-4183-8E53-2F068D7D59B7}.Release|Any CPU.Build.0 = Release|Any CPU
	EndGlobalSection
	GlobalSection(SolutionProperties) = preSolution
		HideSolutionNode = FALSE
	EndGlobalSection
	GlobalSection(ExtensibilityGlobals) = postSolution
		SolutionGuid = {EA4FBAD8-C62B-4BC4-A614-3D71FFC4B45C}
	EndGlobalSection
EndGlobal
